{
  "requires": true,
  "lockfileVersion": 1,
  "dependencies": {
    "detect-browser": {
      "version": "4.8.0",
      "resolved": "https://registry.npmjs.org/detect-browser/-/detect-browser-4.8.0.tgz",
      "integrity": "sha512-f4h2dFgzHUIpjpBLjhnDIteXv8VQiUm8XzAuzQtYUqECX/eKh67ykuiVoyb7Db7a0PUSmJa3OGXStG0CbQFUVw=="
    }
  }
}
